
Microsoft Visual Studio Solution File, Format Version 12.00
# Visual Studio Version 17
VisualStudioVersion = 17.1.32228.430
MinimumVisualStudioVersion = 10.0.40219.1
Project("{FAE04EC0-301F-11D3-BF4B-00C04F79EFBC}") = "MedicationControlSystem", "MedicationControlSystem\MedicationControlSystem.csproj", "{9A477344-D947-4A09-BA64-16119A5D6E49}"
EndProject
Global
	GlobalSection(SolutionConfigurationPlatforms) = preSolution
		Debug|Any CPU = Debug|Any CPU
		Release|Any CPU = Release|Any CPU
	EndGlobalSection
	GlobalSection(ProjectConfigurationPlatforms) = postSolution
		{9A477344-D947-4A09-BA64-16119A5D6E49}.Debug|Any CPU.ActiveCfg = Debug|Any CPU
		{9A477344-D947-4A09-BA64-16119A5D6E49}.Debug|Any CPU.Build.0 = Debug|Any CPU
		{9A477344-D947-4A09-BA64-16119A5D6E49}.Release|Any CPU.ActiveCfg = Release|Any CPU
		{9A477344-D947-4A09-BA64-16119A5D6E49}.Release|Any CPU.Build.0 = Release|Any CPU
	EndGlobalSection
	GlobalSection(SolutionProperties) = preSolution
		HideSolutionNode = FALSE
	EndGlobalSection
	GlobalSection(ExtensibilityGlobals) = postSolution
		SolutionGuid = {C0E11B03-1E2B-4A12-BF64-C97B6A3A658D}
	EndGlobalSection
EndGlobal
